github.com/golang/glog v0.0.0-20160126235308-23def4e6c14b h1:VKtxabqXZkF25pY9ekfRL6a582T4P37/31XEstQ5p58=
github.com/golang/glog v0.0.0-20160126235308-23def4e6c14b/go.mod h1:SBH7ygxi8pfUlaOkMMuAQtPIUF8ecWP5IEl/CR7VP2Q=
github.com/spf13/pflag v1.0.1 h1:aCvUg6QPl3ibpQUxyLkrEkCHtPqYJL4x9AuhqVqFis4=
github.com/spf13/pflag v1.0.1/go.mod h1:DYY7MBk1bdzusC3SYhjObp+wFpr4gzcvqqNjLnInEg4=
k8s.io/api v0.0.0-20190313235455-40a48860b5ab h1:DG9A67baNpoeweOy2spF1OWHhnVY5KR7/Ek/+U1lVZc=
k8s.io/api v0.0.0-20190313235455-40a48860b5ab/go.mod h1:iuAfoD4hCxJ8Onx9kaTIt30j7jUFS00AXQi6QMi99vA=
k8s.io/apimachinery v0.0.0-20190313205120-d7deff9243b1 h1:IS7K02iBkQXpCeieSiyJjGoLSdVOv2DbPaWHJ+ZtgKg=
k8s.io/apimachinery v0.0.0-20190313205120-d7deff9243b1/go.mod h1:ccL7Eh7zubPUSh9A3USN90/OzHNSVN6zxzde07TDCL0=
k8s.io/apimachinery v0.0.0-20190406052345-8f13d758fb1a h1:m0OqFBSRGlM9I7fA37Lc/XmxF9CT2pMe8ddNF7NNzew=
k8s.io/apiserver v0.0.0-20190313205120-8b27c41bdbb1 h1:8JYeBJdfXeNkq2RsG0hmvA4miGaN/3Y7bTt+vs2MnOE=
k8s.io/apiserver v0.0.0-20190313205120-8b27c41bdbb1/go.mod h1:6bqaTSOSJavUIXUtfaR9Os9JtTCm8ZqH2SUl2S60C4w=
k8s.io/apiserver v0.0.0-20190406052822-6b396918ed3b h1:3WEqWKs65nkPGSyJ7gcsMV+pgtotgbAXH7522K0+T4U=
k8s.io/client-go v11.0.0+incompatible h1:LBbX2+lOwY9flffWlJM7f1Ct8V2SRNiMRDFeiwnJo9o=
k8s.io/client-go v11.0.0+incompatible/go.mod h1:7vJpHMYJwNQCWgzmNV+VYUl1zCObLyodBc8nIyt8L5s=
k8s.io/component-base v0.0.0-20190314000054-4a91899592f4 h1:XOA0webBnNMJ6WOYQT1LzYtpEopiFgNzFI/L53B3ZsE=
k8s.io/component-base v0.0.0-20190314000054-4a91899592f4/go.mod h1:DMaomcf3j3MM2j1FsvlLVVlc7wA2jPytEur3cP9zRxQ=
k8s.io/component-base v0.0.0-20190405172946-88b5861287aa h1:yZpdnLdwj5gcY/5y7MgUWpsYeYkB5hR7Ps3tLo400l0=
k8s.io/kubernetes v1.14.0 h1:6T2iAEoOYQnzQb3WvPlUkcczEEXZ7+YPlAO8olwujRw=
k8s.io/kubernetes v1.14.0/go.mod h1:ocZa8+6APFNC2tX1DZASIbocyYT5jHzqFVsY5aoB7Jk=
